# This file is autogenerated, do not edit; changes may be undone by the next 'dep ensure'.


[[projects]]
  digest = "1:6bdb594f1b7b28701f52953cb0c55e8e2564c878af86a23e67bbb1b7df5ace37"
  name = "github.com/rs/xid"
  packages = ["."]
  pruneopts = "UT"
  revision = "02dd45c33376f85d1064355dc790dcc4850596b1"
  version = "v1.1"

[[projects]]
  digest = "1:9e9193aa51197513b3abcb108970d831fbcf40ef96aa845c4f03276e1fa316d2"
  name = "github.com/sirupsen/logrus"
  packages = ["."]
  pruneopts = "UT"
  revision = "c155da19408a8799da419ed3eeb0cb5db0ad5dbc"
  version = "v1.0.5"

[[projects]]
  digest = "1:b24d38b282bacf9791408a080f606370efa3d364e4b5fd9ba0f7b87786d3b679"
  name = "github.com/urfave/cli"
  packages = ["."]
  pruneopts = "UT"
  revision = "cfb38830724cc34fedffe9a2a29fb54fa9169cd1"
  version = "v1.20.0"

[[projects]]
  branch = "master"
  digest = "1:3f3a05ae0b95893d90b9b3b5afdb79a9b3d96e4e36e099d841ae602e4aca0da8"
  name = "golang.org/x/crypto"
  packages = ["ssh/terminal"]
  pruneopts = "UT"
  revision = "1a580b3eff7814fc9b40602fd35256c63b50f491"

[[projects]]
  branch = "master"
  digest = "1:845c2878ddaa174523d1e096d61e0ebb349855d81dde54e6dbc2c3dbf431b68a"
  name = "golang.org/x/net"
  packages = ["websocket"]
  pruneopts = "UT"
  revision = "2491c5de3490fced2f6cff376127c667efeed857"

[[projects]]
  branch = "master"
  digest = "1:105645ed366a17f9ed1007059f0d3506e73e2098f2a1e793ffa92917d6461060"
  name = "golang.org/x/sys"
  packages = [
    "unix",
    "windows",
  ]
  pruneopts = "UT"
  revision = "7c87d13f8e835d2fb3a70a2912c811ed0c1d241b"

[solve-meta]
  analyzer-name = "dep"
  analyzer-version = 1
  input-imports = [
    "github.com/rs/xid",
    "github.com/sirupsen/logrus",
    "github.com/urfave/cli",
    "golang.org/x/net/websocket",
  ]
  solver-name = "gps-cdcl"
  solver-version = 1
